
Microsoft Visual Studio Solution File, Format Version 12.00
# Visual Studio 15
VisualStudioVersion = 15.0.27130.2024
MinimumVisualStudioVersion = 10.0.40219.1
Project("{FAE04EC0-301F-11D3-BF4B-00C04F79EFBC}") = "BooleanRewrite", "BooleanRewrite\BooleanRewrite.csproj", "{1F7CFFEE-E5A9-4255-8CEB-3E82EB621230}"
EndProject
Global
	GlobalSection(SolutionConfigurationPlatforms) = preSolution
		Debug|Any CPU = Debug|Any CPU
		Release|Any CPU = Release|Any CPU
	EndGlobalSection
	GlobalSection(ProjectConfigurationPlatforms) = postSolution
		{1F7CFFEE-E5A9-4255-8CEB-3E82EB621230}.Debug|Any CPU.ActiveCfg = Debug|Any CPU
		{1F7CFFEE-E5A9-4255-8CEB-3E82EB621230}.Debug|Any CPU.Build.0 = Debug|Any CPU
		{1F7CFFEE-E5A9-4255-8CEB-3E82EB621230}.Release|Any CPU.ActiveCfg = Release|Any CPU
		{1F7CFFEE-E5A9-4255-8CEB-3E82EB621230}.Release|Any CPU.Build.0 = Release|Any CPU
	EndGlobalSection
	GlobalSection(SolutionProperties) = preSolution
		HideSolutionNode = FALSE
	EndGlobalSection
	GlobalSection(ExtensibilityGlobals) = postSolution
		SolutionGuid = {04328FE4-A64D-40E9-AA76-11785C4FFDC1}
	EndGlobalSection
EndGlobal
